
Microsoft Visual Studio Solution File, Format Version 12.00
# Visual Studio Version 17
VisualStudioVersion = 17.14.36202.13 d17.14
MinimumVisualStudioVersion = 10.0.40219.1
Project("{FAE04EC0-301F-11D3-BF4B-00C04F79EFBC}") = "Outdoor", "Outdoor\Outdoor.csproj", "{80025309-F660-4EA5-9BF1-45F408BD1E07}"
EndProject
Global
	GlobalSection(SolutionConfigurationPlatforms) = preSolution
		Debug|Any CPU = Debug|Any CPU
		Release|Any CPU = Release|Any CPU
	EndGlobalSection
	GlobalSection(ProjectConfigurationPlatforms) = postSolution
		{80025309-F660-4EA5-9BF1-45F408BD1E07}.Debug|Any CPU.ActiveCfg = Debug|Any CPU
		{80025309-F660-4EA5-9BF1-45F408BD1E07}.Debug|Any CPU.Build.0 = Debug|Any CPU
		{80025309-F660-4EA5-9BF1-45F408BD1E07}.Release|Any CPU.ActiveCfg = Release|Any CPU
		{80025309-F660-4EA5-9BF1-45F408BD1E07}.Release|Any CPU.Build.0 = Release|Any CPU
	EndGlobalSection
	GlobalSection(SolutionProperties) = preSolution
		HideSolutionNode = FALSE
	EndGlobalSection
	GlobalSection(ExtensibilityGlobals) = postSolution
		SolutionGuid = {A1B04DE6-C690-4B4C-803E-D8B425F5BE05}
	EndGlobalSection
EndGlobal
